
Microsoft Visual Studio Solution File, Format Version 12.00
# Visual Studio Version 16
VisualStudioVersion = 16.0.31729.503
MinimumVisualStudioVersion = 10.0.40219.1
Project("{FAE04EC0-301F-11D3-BF4B-00C04F79EFBC}") = "Dataverse.XrmTools.ActiveLayerExplorer", "Dataverse.XrmTools.ActiveLayerExplorer\Dataverse.XrmTools.ActiveLayerExplorer.csproj", "{71F5E6E5-CF19-4CD3-93EA-88DD91062BB1}"
EndProject
Global
	GlobalSection(SolutionConfigurationPlatforms) = preSolution
		Debug|Any CPU = Debug|Any CPU
		Release|Any CPU = Release|Any CPU
	EndGlobalSection
	GlobalSection(ProjectConfigurationPlatforms) = postSolution
		{71F5E6E5-CF19-4CD3-93EA-88DD91062BB1}.Debug|Any CPU.ActiveCfg = Debug|Any CPU
		{71F5E6E5-CF19-4CD3-93EA-88DD91062BB1}.Debug|Any CPU.Build.0 = Debug|Any CPU
		{71F5E6E5-CF19-4CD3-93EA-88DD91062BB1}.Release|Any CPU.ActiveCfg = Release|Any CPU
		{71F5E6E5-CF19-4CD3-93EA-88DD91062BB1}.Release|Any CPU.Build.0 = Release|Any CPU
	EndGlobalSection
	GlobalSection(SolutionProperties) = preSolution
		HideSolutionNode = FALSE
	EndGlobalSection
	GlobalSection(ExtensibilityGlobals) = postSolution
		SolutionGuid = {9814A263-BB6C-4DCE-9C91-F7DA91D507A3}
	EndGlobalSection
EndGlobal
